
Microsoft Visual Studio Solution File, Format Version 12.00
# Visual Studio Version 17
VisualStudioVersion = 17.14.36109.1
MinimumVisualStudioVersion = 10.0.40219.1
Project("{FAE04EC0-301F-11D3-BF4B-00C04F79EFBC}") = "MemeAlertsScript.WinForms", "MemeAlertsScript.WinForms\MemeAlertsScript.WinForms.csproj", "{2BDB364E-A6BC-4307-B98F-86EEE3F430BF}"
EndProject
Project("{FAE04EC0-301F-11D3-BF4B-00C04F79EFBC}") = "MemeAlertsScript.Twitch", "MemeAlertsScript.Twitch\MemeAlertsScript.Twitch.csproj", "{7CD90F20-E74D-46BB-A3FC-EF4BD51C442B}"
EndProject
Project("{FAE04EC0-301F-11D3-BF4B-00C04F79EFBC}") = "MemeAlertsScript.Core", "MemeAlertsScript.Core\MemeAlertsScript.Core.csproj", "{FAC430CC-47CB-4F45-94E8-B8DF8D23C91F}"
EndProject
Global
	GlobalSection(SolutionConfigurationPlatforms) = preSolution
		Debug|Any CPU = Debug|Any CPU
		Release|Any CPU = Release|Any CPU
	EndGlobalSection
	GlobalSection(ProjectConfigurationPlatforms) = postSolution
		{2BDB364E-A6BC-4307-B98F-86EEE3F430BF}.Debug|Any CPU.ActiveCfg = Debug|Any CPU
		{2BDB364E-A6BC-4307-B98F-86EEE3F430BF}.Debug|Any CPU.Build.0 = Debug|Any CPU
		{2BDB364E-A6BC-4307-B98F-86EEE3F430BF}.Release|Any CPU.ActiveCfg = Release|Any CPU
		{2BDB364E-A6BC-4307-B98F-86EEE3F430BF}.Release|Any CPU.Build.0 = Release|Any CPU
		{7CD90F20-E74D-46BB-A3FC-EF4BD51C442B}.Debug|Any CPU.ActiveCfg = Debug|Any CPU
		{7CD90F20-E74D-46BB-A3FC-EF4BD51C442B}.Debug|Any CPU.Build.0 = Debug|Any CPU
		{7CD90F20-E74D-46BB-A3FC-EF4BD51C442B}.Release|Any CPU.ActiveCfg = Release|Any CPU
		{7CD90F20-E74D-46BB-A3FC-EF4BD51C442B}.Release|Any CPU.Build.0 = Release|Any CPU
		{FAC430CC-47CB-4F45-94E8-B8DF8D23C91F}.Debug|Any CPU.ActiveCfg = Debug|Any CPU
		{FAC430CC-47CB-4F45-94E8-B8DF8D23C91F}.Debug|Any CPU.Build.0 = Debug|Any CPU
		{FAC430CC-47CB-4F45-94E8-B8DF8D23C91F}.Release|Any CPU.ActiveCfg = Release|Any CPU
		{FAC430CC-47CB-4F45-94E8-B8DF8D23C91F}.Release|Any CPU.Build.0 = Release|Any CPU
	EndGlobalSection
	GlobalSection(SolutionProperties) = preSolution
		HideSolutionNode = FALSE
	EndGlobalSection
	GlobalSection(ExtensibilityGlobals) = postSolution
		SolutionGuid = {FE4080C4-7F03-49E7-B92A-9E48D005C566}
	EndGlobalSection
EndGlobal
