
Microsoft Visual Studio Solution File, Format Version 12.00
# Visual Studio Version 17
VisualStudioVersion = 17.14.36109.1
MinimumVisualStudioVersion = 10.0.40219.1
Project("{FAE04EC0-301F-11D3-BF4B-00C04F79EFBC}") = "TwitchLeonScript.UI.WinForms", "TwitchLeonScript.UI.WinForms\TwitchLeonScript.UI.WinForms.csproj", "{2BDB364E-A6BC-4307-B98F-86EEE3F430BF}"
EndProject
Project("{9A19103F-16F7-4668-BE54-9A1E7A4F7556}") = "TwitchLeonScript.Core.App", "TwitchLeonScript.Core.App\TwitchLeonScript.Core.App.csproj", "{AEF909CE-A8F8-4DC0-A602-2DDBC38DA94C}"
EndProject
Project("{2150E333-8FDC-42A3-9474-1A3956D46DE8}") = "TwitchLeonScript.Core", "TwitchLeonScript.Core", "{02EA681E-C7D8-13C7-8484-4AC65E1B71E8}"
EndProject
Project("{2150E333-8FDC-42A3-9474-1A3956D46DE8}") = "TwitchLeonScript.UI", "TwitchLeonScript.UI", "{8568C0F1-46CE-401B-B591-B1DB4855BFE8}"
EndProject
Global
	GlobalSection(SolutionConfigurationPlatforms) = preSolution
		Debug|Any CPU = Debug|Any CPU
		Release|Any CPU = Release|Any CPU
	EndGlobalSection
	GlobalSection(ProjectConfigurationPlatforms) = postSolution
		{2BDB364E-A6BC-4307-B98F-86EEE3F430BF}.Debug|Any CPU.ActiveCfg = Debug|Any CPU
		{2BDB364E-A6BC-4307-B98F-86EEE3F430BF}.Debug|Any CPU.Build.0 = Debug|Any CPU
		{2BDB364E-A6BC-4307-B98F-86EEE3F430BF}.Release|Any CPU.ActiveCfg = Release|Any CPU
		{2BDB364E-A6BC-4307-B98F-86EEE3F430BF}.Release|Any CPU.Build.0 = Release|Any CPU
		{AEF909CE-A8F8-4DC0-A602-2DDBC38DA94C}.Debug|Any CPU.ActiveCfg = Debug|Any CPU
		{AEF909CE-A8F8-4DC0-A602-2DDBC38DA94C}.Debug|Any CPU.Build.0 = Debug|Any CPU
		{AEF909CE-A8F8-4DC0-A602-2DDBC38DA94C}.Release|Any CPU.ActiveCfg = Release|Any CPU
		{AEF909CE-A8F8-4DC0-A602-2DDBC38DA94C}.Release|Any CPU.Build.0 = Release|Any CPU
	EndGlobalSection
	GlobalSection(SolutionProperties) = preSolution
		HideSolutionNode = FALSE
	EndGlobalSection
	GlobalSection(NestedProjects) = preSolution
		{2BDB364E-A6BC-4307-B98F-86EEE3F430BF} = {8568C0F1-46CE-401B-B591-B1DB4855BFE8}
		{AEF909CE-A8F8-4DC0-A602-2DDBC38DA94C} = {02EA681E-C7D8-13C7-8484-4AC65E1B71E8}
	EndGlobalSection
	GlobalSection(ExtensibilityGlobals) = postSolution
		SolutionGuid = {FE4080C4-7F03-49E7-B92A-9E48D005C566}
	EndGlobalSection
EndGlobal
